<Solution>
  <Project Path="KAITerminal.Api/KAITerminal.Api.csproj" />
  <Project Path="KAITerminal.Auth/KAITerminal.Auth.csproj" />
  <Project Path="KAITerminal.Broker/KAITerminal.Broker.csproj" />
  <Project Path="KAITerminal.Console/KAITerminal.Console.csproj" />
  <Project Path="KAITerminal.PnLWorker/KAITerminal.PnLWorker.csproj" />
  <Project Path="KAITerminal.Util/KAITerminal.Util.csproj" />
</Solution>
